# This file is automatically @generated by Cargo.
# It is not intended for manual editing.
version = 3

[[package]]
name = "country-quiz"
version = "0.1.0"
dependencies = [
 "emojis",
]

[[package]]
name = "emojis"
version = "0.4.0"
source = "registry+https://github.com/rust-lang/crates.io-index"
checksum = "3fdc0036e5881a30eec779c55ac7b4bf54eedc3c72ddc8d02c2a580c43b1c9ba"
